{
  "name": "central-dogma-test",
  "version": "1.0.0",
  "lockfileVersion": 1,
  "requires": true,
  "dependencies": {
    "central-dogma": {
      "version": "0.0.1",
      "resolved": "https://registry.npmjs.org/central-dogma/-/central-dogma-0.0.1.tgz",
      "integrity": "sha512-xJaBvAu5ZpAXx4E+Oxjsk4axEjPtzN3WNhkLAERG31n1kMAnQCbofz7d1y524cXox6ba0tkZPGTDC8A3IAC+3g=="
    }
  }
}
